# THIS IS AN AUTOGENERATED FILE. DO NOT EDIT THIS FILE DIRECTLY.
# yarn lockfile v1


"@babel/runtime@^7.4.2", "@babel/runtime@^7.4.5", "@babel/runtime@^7.5.5", "@babel/runtime@^7.6.3", "@babel/runtime@^7.8.7":
  version "7.11.0"
  resolved "https://registry.yarnpkg.com/@babel/runtime/-/runtime-7.11.0.tgz#f10245877042a815e07f7e693faff0ae9d3a2aac"
  integrity sha512-qArkXsjJq7H+T86WrIFV0Fnu/tNOkZ4cgXmjkzAu3b/58D5mFIO8JH/y77t7C9q0OdDRdh9s7Ue5GasYssxtXw==
  dependencies:
    regenerator-runtime "^0.13.4"

"@fortawesome/fontawesome-free@^5.14.0":
  version "5.14.0"
  resolved "https://registry.yarnpkg.com/@fortawesome/fontawesome-free/-/fontawesome-free-5.14.0.tgz#a371e91029ebf265015e64f81bfbf7d228c9681f"
  integrity sha512-OfdMsF+ZQgdKHP9jUbmDcRrP0eX90XXrsXIdyjLbkmSBzmMXPABB8eobUJtivaupucYaByz6WNe1PI1JuYm3qA==

"@next/env@13.0.2":
  version "13.0.2"
  resolved "https://registry.yarnpkg.com/@next/env/-/env-13.0.2.tgz#5fbd7b4146175ae406edfb4a38b62de8c880c09d"
  integrity sha512-Qb6WPuRriGIQ19qd6NBxpcrFOfj8ziN7l9eZUfwff5gl4zLXluqtuZPddYZM/oWjN53ZYcuRXzL+oowKyJeYtA==

"@next/swc-android-arm-eabi@13.0.2":
  version "13.0.2"
  resolved "https://registry.yarnpkg.com/@next/swc-android-arm-eabi/-/swc-android-arm-eabi-13.0.2.tgz#66669b8aab5062f554b8e9905d855679aabf0342"
  integrity sha512-X54UQCTFyOGnJP//Z71dPPlp4BCYcQL2ncikKXQcPzVpqPs4C3m+tKC8ivBNH6edAXkppwsLRz1/yQwgSZ9Swg==

"@next/swc-android-arm64@13.0.2":
  version "13.0.2"
  resolved "https://registry.yarnpkg.com/@next/swc-android-arm64/-/swc-android-arm64-13.0.2.tgz#c0641d30525e0fb22bf1e2baf6c461d2d9e52f1a"
  integrity sha512-1P00Kv8uKaLubqo7JzPrTqgFAzSOmfb8iwqJrOb9in5IvTRtNGlkR4hU0sXzqbQNM/+SaYxze6Z5ry1IDyb/cQ==

"@next/swc-darwin-arm64@13.0.2":
  version "13.0.2"
  resolved "https://registry.yarnpkg.com/@next/swc-darwin-arm64/-/swc-darwin-arm64-13.0.2.tgz#d7e01a33393e83456dbfdc41446bb8a923968ff7"
  integrity sha512-1zGIOkInkOLRv0QQGZ+3wffYsyKI4vIy62LYTvDWUn7TAYqnmXwougp9NSLqDeagLwgsv2URrykyAFixA/YqxA==

"@next/swc-darwin-x64@13.0.2":
  version "13.0.2"
  resolved "https://registry.yarnpkg.com/@next/swc-darwin-x64/-/swc-darwin-x64-13.0.2.tgz#d4a3fbe51edf871a675d89a7afdc78174d1e5841"
  integrity sha512-ECDAjoMP1Y90cARaelS6X+k6BQx+MikAYJ8f/eaJrLur44NIOYc9HA/dgcTp5jenguY4yT8V+HCquLjAVle6fA==

"@next/swc-freebsd-x64@13.0.2":
  version "13.0.2"
  resolved "https://registry.yarnpkg.com/@next/swc-freebsd-x64/-/swc-freebsd-x64-13.0.2.tgz#1b54c3f38d3b36f86663a8dfcc81ea05e01f5172"
  integrity sha512-2DcL/ofQdBnQX3IoI9sjlIAyLCD1oZoUBuhrhWbejvBQjutWrI0JTEv9uG69WcxWhVMm3BCsjv8GK2/68OKp7A==

"@next/swc-linux-arm-gnueabihf@13.0.2":
  version "13.0.2"
  resolved "https://registry.yarnpkg.com/@next/swc-linux-arm-gnueabihf/-/swc-linux-arm-gnueabihf-13.0.2.tgz#18495cff32c0b2182cfbf677614219d7072214da"
  integrity sha512-Y3OQF1CSBSWW2vGkmvOIuOUNqOq8qX7f1ZpcKUVWP3/Uq++DZmVi9d18lgnSe1I3QFqc+nXWyun9ljsN83j0sw==

"@next/swc-linux-arm64-gnu@13.0.2":
  version "13.0.2"
  resolved "https://registry.yarnpkg.com/@next/swc-linux-arm64-gnu/-/swc-linux-arm64-gnu-13.0.2.tgz#5fb2563651166c3c6f32bf9e2f9cc6a16a9ef783"
  integrity sha512-mNyzwsFF6kwZYEjnGicx9ksDZYEZvyzEc1BtCu8vdZi/v8UeixQwCiAT6FyYX9uxMPEkzk8qiU0t0u9gvltsKw==

"@next/swc-linux-arm64-musl@13.0.2":
  version "13.0.2"
  resolved "https://registry.yarnpkg.com/@next/swc-linux-arm64-musl/-/swc-linux-arm64-musl-13.0.2.tgz#b9f33c5e17cfe04aa5769b717284cf80865761e6"
  integrity sha512-M6SdYjWgRrY3tJBxz0663zCRPTu5BRONmxlftKWWHv9LjAJ59neTLaGj4rp0A08DkJglZIoCkLOzLrzST6TGag==

"@next/swc-linux-x64-gnu@13.0.2":
  version "13.0.2"
  resolved "https://registry.yarnpkg.com/@next/swc-linux-x64-gnu/-/swc-linux-x64-gnu-13.0.2.tgz#29efcc2fd0122689d7e06c5b6b0883fe495db2bf"
  integrity sha512-pi63RoxvG4ES1KS06Zpm0MATVIXTs/TIbLbdckeLoM40u1d3mQl/+hSSrLRSxzc2OtyL8fh92sM4gkJrQXAMAw==

"@next/swc-linux-x64-musl@13.0.2":
  version "13.0.2"
  resolved "https://registry.yarnpkg.com/@next/swc-linux-x64-musl/-/swc-linux-x64-musl-13.0.2.tgz#d68fdf6eefc57813fa91559c7089b49d6131ecab"
  integrity sha512-9Pv91gfYnDONgjtRm78n64b/c54+azeHtlnqBLTnIFWSMBDRl1/WDkhKWIj3fBGPLimtK7Tko3ULR3og9RRUPw==

"@next/swc-win32-arm64-msvc@13.0.2":
  version "13.0.2"
  resolved "https://registry.yarnpkg.com/@next/swc-win32-arm64-msvc/-/swc-win32-arm64-msvc-13.0.2.tgz#acdcb3023045f60cca510f659a2349895e6405bd"
  integrity sha512-Nvewe6YZaizAkGHHprbMkYqQulBjZCHKBGKeFPwoPtOA+a2Qi4pZzc/qXFyC5/2A6Z0mr2U1zg9rd04WBYMwBw==

"@next/swc-win32-ia32-msvc@13.0.2":
  version "13.0.2"
  resolved "https://registry.yarnpkg.com/@next/swc-win32-ia32-msvc/-/swc-win32-ia32-msvc-13.0.2.tgz#a78ee9211471768febac9df915c2a8dbbcd05e41"
  integrity sha512-ZUBYGZw5G3QrqDpRq1EWi3aHmvPZM8ijK5TFL6UbH16cYQ0JpANmuG2P66KB93Qe/lWWzbeAZk/tj1XqwoCuPA==

"@next/swc-win32-x64-msvc@13.0.2":
  version "13.0.2"
  resolved "https://registry.yarnpkg.com/@next/swc-win32-x64-msvc/-/swc-win32-x64-msvc-13.0.2.tgz#e86c2de910cd68a17974db5556d4588737412c68"
  integrity sha512-fA9uW1dm7C0mEYGcKlbmLcVm2sKcye+1kPxh2cM4jVR+kQQMtHWsjIzeSpe2grQLSDan06z4n6hbr8b1c3hA8w==

"@popperjs/core@^2.0.0", "@popperjs/core@^2.4.4":
  version "2.4.4"
  resolved "https://registry.yarnpkg.com/@popperjs/core/-/core-2.4.4.tgz#11d5db19bd178936ec89cd84519c4de439574398"
  integrity sha512-1oO6+dN5kdIA3sKPZhRGJTfGVP4SWV6KqlMOwry4J3HfyD68sl/3KmG7DeYUzvN+RbhXDnv/D8vNNB8168tAMg==

"@restart/context@^2.1.4":
  version "2.1.4"
  resolved "https://registry.yarnpkg.com/@restart/context/-/context-2.1.4.tgz#a99d87c299a34c28bd85bb489cb07bfd23149c02"
  integrity sha512-INJYZQJP7g+IoDUh/475NlGiTeMfwTXUEr3tmRneckHIxNolGOW9CTq83S8cxq0CgJwwcMzMJFchxvlwe7Rk8Q==

"@restart/hooks@^0.3.12", "@restart/hooks@^0.3.21":
  version "0.3.25"
  resolved "https://registry.yarnpkg.com/@restart/hooks/-/hooks-0.3.25.tgz#11004139ad1c70d2f5965a8939dcb5aeb96aa652"
  integrity sha512-m2v3N5pxTsIiSH74/sb1yW8D9RxkJidGW+5Mfwn/lHb2QzhZNlaU1su7abSyT9EGf0xS/0waLjrf7/XxQHUk7w==
  dependencies:
    lodash "^4.17.15"
    lodash-es "^4.17.15"

"@swc/helpers@0.4.11":
  version "0.4.11"
  resolved "https://registry.yarnpkg.com/@swc/helpers/-/helpers-0.4.11.tgz#db23a376761b3d31c26502122f349a21b592c8de"
  integrity sha512-rEUrBSGIoSFuYxwBYtlUFMlE2CwGhmW+w9355/5oduSw8e5h2+Tj4UrAGNNgP9915++wj5vkQo0UuOBqOAq4nw==
  dependencies:
    tslib "^2.4.0"

"@types/classnames@^2.2.10":
  version "2.2.10"
  resolved "https://registry.yarnpkg.com/@types/classnames/-/classnames-2.2.10.tgz#cc658ca319b6355399efc1f5b9e818f1a24bf999"
  integrity sha512-1UzDldn9GfYYEsWWnn/P4wkTlkZDH7lDb0wBMGbtIQc9zXEQq7FlKBdZUn6OBqD8sKZZ2RQO2mAjGpXiDGoRmQ==

"@types/invariant@^2.2.33":
  version "2.2.33"
  resolved "https://registry.yarnpkg.com/@types/invariant/-/invariant-2.2.33.tgz#ec5eec29c63bf5e4ca164e9feb3ef7337cdcbadb"
  integrity sha512-/jUNmS8d4bCKdqslfxW6dg/9Gksfzxz67IYfqApHn+HvHlMVXwYv2zpTDnS/yaK9BB0i0GlBTaYci0EFE62Hmw==

"@types/prop-types@*", "@types/prop-types@^15.7.3":
  version "15.7.3"
  resolved "https://registry.yarnpkg.com/@types/prop-types/-/prop-types-15.7.3.tgz#2ab0d5da2e5815f94b0b9d4b95d1e5f243ab2ca7"
  integrity sha512-KfRL3PuHmqQLOG+2tGpRO26Ctg+Cq1E01D2DMriKEATHgWLfeNDmq9e29Q9WIky0dQ3NPkd1mzYH8Lm936Z9qw==

"@types/react-transition-group@^4.4.0":
  version "4.4.0"
  resolved "https://registry.yarnpkg.com/@types/react-transition-group/-/react-transition-group-4.4.0.tgz#882839db465df1320e4753e6e9f70ca7e9b4d46d"
  integrity sha512-/QfLHGpu+2fQOqQaXh8MG9q03bFENooTb/it4jr5kKaZlDQfWvjqWZg48AwzPVMBHlRuTRAY7hRHCEOXz5kV6w==
  dependencies:
    "@types/react" "*"

"@types/react@*", "@types/react@^16.9.11", "@types/react@^16.9.35":
  version "16.9.43"
  resolved "https://registry.yarnpkg.com/@types/react/-/react-16.9.43.tgz#c287f23f6189666ee3bebc2eb8d0f84bcb6cdb6b"
  integrity sha512-PxshAFcnJqIWYpJbLPriClH53Z2WlJcVZE+NP2etUtWQs2s7yIMj3/LDKZT/5CHJ/F62iyjVCDu2H3jHEXIxSg==
  dependencies:
    "@types/prop-types" "*"
    csstype "^2.2.0"

"@types/warning@^3.0.0":
  version "3.0.0"
  resolved "https://registry.yarnpkg.com/@types/warning/-/warning-3.0.0.tgz#0d2501268ad8f9962b740d387c4654f5f8e23e52"
  integrity sha1-DSUBJorY+ZYrdA04fEZU9fjiPlI=

anymatch@~3.1.1:
  version "3.1.1"
  resolved "https://registry.yarnpkg.com/anymatch/-/anymatch-3.1.1.tgz#c55ecf02185e2469259399310c173ce31233b142"
  integrity sha512-mM8522psRCqzV+6LhomX5wgp25YVibjh8Wj23I5RPkPppSVSjyKD2A2mBJmWGa+KN7f2D6LNh9jkBCeyLktzjg==
  dependencies:
    normalize-path "^3.0.0"
    picomatch "^2.0.4"

binary-extensions@^2.0.0:
  version "2.0.0"
  resolved "https://registry.yarnpkg.com/binary-extensions/-/binary-extensions-2.0.0.tgz#23c0df14f6a88077f5f986c0d167ec03c3d5537c"
  integrity sha512-Phlt0plgpIIBOGTT/ehfFnbNlfsDEiqmzE2KRXoX1bLIlir4X/MR+zSyBEkL05ffWgnRSf/DXv+WrUAVr93/ow==

bn.js@^4.4.0:
  version "4.11.9"
  resolved "https://registry.yarnpkg.com/bn.js/-/bn.js-4.11.9.tgz#26d556829458f9d1e81fc48952493d0ba3507828"
  integrity sha512-E6QoYqCKZfgatHTdHzs1RRKP7ip4vvm+EyRUeE2RF0NblwVvb0p6jSVeNTOFxPn26QXN2o6SMfNxKp6kU8zQaw==

bootstrap@^4.5.0:
  version "4.5.0"
  resolved "https://registry.yarnpkg.com/bootstrap/-/bootstrap-4.5.0.tgz#97d9dbcb5a8972f8722c9962483543b907d9b9ec"
  integrity sha512-Z93QoXvodoVslA+PWNdk23Hze4RBYIkpb5h8I2HY2Tu2h7A0LpAgLcyrhrSUyo2/Oxm2l1fRZPs1e5hnxnliXA==

braces@~3.0.2:
  version "3.0.2"
  resolved "https://registry.yarnpkg.com/braces/-/braces-3.0.2.tgz#3454e1a462ee8d599e236df336cd9ea4f8afe107"
  integrity sha512-b8um+L1RzM3WDSzvhm6gIz1yfTbBt6YTlcEKAvsmqCZZFw46z626lVj9j1yEPW33H5H+lBQpZMP1k8l+78Ha0A==
  dependencies:
    fill-range "^7.0.1"

brorand@^1.0.1:
  version "1.1.0"
  resolved "https://registry.yarnpkg.com/brorand/-/brorand-1.1.0.tgz#12c25efe40a45e3c323eb8675a0a0ce57b22371f"
  integrity sha1-EsJe/kCkXjwyPrhnWgoM5XsiNx8=

caniuse-lite@^1.0.30001406:
  version "1.0.30001431"
  resolved "https://registry.yarnpkg.com/caniuse-lite/-/caniuse-lite-1.0.30001431.tgz#e7c59bd1bc518fae03a4656be442ce6c4887a795"
  integrity sha512-zBUoFU0ZcxpvSt9IU66dXVT/3ctO1cy4y9cscs1szkPlcWb6pasYM144GqrUygUbT+k7cmUCW61cvskjcv0enQ==

"chokidar@>=2.0.0 <4.0.0":
  version "3.4.1"
  resolved "https://registry.yarnpkg.com/chokidar/-/chokidar-3.4.1.tgz#e905bdecf10eaa0a0b1db0c664481cc4cbc22ba1"
  integrity sha512-TQTJyr2stihpC4Sya9hs2Xh+O2wf+igjL36Y75xx2WdHuiICcn/XJza46Jwt0eT5hVpQOzo3FpY3cj3RVYLX0g==
  dependencies:
    anymatch "~3.1.1"
    braces "~3.0.2"
    glob-parent "~5.1.0"
    is-binary-path "~2.1.0"
    is-glob "~4.0.1"
    normalize-path "~3.0.0"
    readdirp "~3.4.0"
  optionalDependencies:
    fsevents "~2.1.2"

classnames@^2.2.6:
  version "2.2.6"
  resolved "https://registry.yarnpkg.com/classnames/-/classnames-2.2.6.tgz#43935bffdd291f326dad0a205309b38d00f650ce"
  integrity sha512-JR/iSQOSt+LQIWwrwEzJ9uk0xfN3mTVYMwt1Ir5mUcSN6pU+V4zQFFaJsclJbPuAUQH+yfWef6tm7l1quW3C8Q==

client-only@0.0.1:
  version "0.0.1"
  resolved "https://registry.yarnpkg.com/client-only/-/client-only-0.0.1.tgz#38bba5d403c41ab150bff64a95c85013cf73bca1"
  integrity sha512-IV3Ou0jSMzZrd3pZ48nLkT9DA7Ag1pnPzaiQhpW7c3RbcqqzvzzVu+L8gfqMp/8IM2MQtSiqaCxrrcfu8I8rMA==

csstype@^2.2.0, csstype@^2.6.7:
  version "2.6.13"
  resolved "https://registry.yarnpkg.com/csstype/-/csstype-2.6.13.tgz#a6893015b90e84dd6e85d0e3b442a1e84f2dbe0f"
  integrity sha512-ul26pfSQTZW8dcOnD2iiJssfXw0gdNVX9IJDH/X3K5DGPfj+fUYe3kB+swUY6BF3oZDxaID3AJt+9/ojSAE05A==

dom-helpers@^5.0.1, dom-helpers@^5.1.0, dom-helpers@^5.1.2:
  version "5.1.4"
  resolved "https://registry.yarnpkg.com/dom-helpers/-/dom-helpers-5.1.4.tgz#4609680ab5c79a45f2531441f1949b79d6587f4b"
  integrity sha512-TjMyeVUvNEnOnhzs6uAn9Ya47GmMo3qq7m+Lr/3ON0Rs5kHvb8I+SQYjLUSYn7qhEm0QjW0yrBkvz9yOrwwz1A==
  dependencies:
    "@babel/runtime" "^7.8.7"
    csstype "^2.6.7"

dotenv@^8.2.0:
  version "8.2.0"
  resolved "https://registry.yarnpkg.com/dotenv/-/dotenv-8.2.0.tgz#97e619259ada750eea3e4ea3e26bceea5424b16a"
  integrity sha512-8sJ78ElpbDJBHNeBzUbUVLsqKdccaa/BXF1uPTw3GrvQTBgrQrtObr2mUrE38vzYd8cEv+m/JBfDLioYcfXoaw==

elliptic@^6.5.3:
  version "6.5.3"
  resolved "https://registry.yarnpkg.com/elliptic/-/elliptic-6.5.3.tgz#cb59eb2efdaf73a0bd78ccd7015a62ad6e0f93d6"
  integrity sha512-IMqzv5wNQf+E6aHeIqATs0tOLeOTwj1QKbRcS3jBbYkl5oLAserA8yJTT7/VyHUYG91PRmPyeQDObKLPpeS4dw==
  dependencies:
    bn.js "^4.4.0"
    brorand "^1.0.1"
    hash.js "^1.0.0"
    hmac-drbg "^1.0.0"
    inherits "^2.0.1"
    minimalistic-assert "^1.0.0"
    minimalistic-crypto-utils "^1.0.0"

fill-range@^7.0.1:
  version "7.0.1"
  resolved "https://registry.yarnpkg.com/fill-range/-/fill-range-7.0.1.tgz#1919a6a7c75fe38b2c7c77e5198535da9acdda40"
  integrity sha512-qOo9F+dMUmC2Lcb4BbVvnKJxTPjCm+RRpe4gDuGrzkL7mEVl/djYSu2OdQ2Pa302N4oqkSg9ir6jaLWJ2USVpQ==
  dependencies:
    to-regex-range "^5.0.1"

fsevents@~2.1.2:
  version "2.1.3"
  resolved "https://registry.yarnpkg.com/fsevents/-/fsevents-2.1.3.tgz#fb738703ae8d2f9fe900c33836ddebee8b97f23e"
  integrity sha512-Auw9a4AxqWpa9GUfj370BMPzzyncfBABW8Mab7BGWBYDj4Isgq+cDKtx0i6u9jcX9pQDnswsaaOTgTmA5pEjuQ==

glob-parent@~5.1.0:
  version "5.1.1"
  resolved "https://registry.yarnpkg.com/glob-parent/-/glob-parent-5.1.1.tgz#b6c1ef417c4e5663ea498f1c45afac6916bbc229"
  integrity sha512-FnI+VGOpnlGHWZxthPGR+QhR78fuiK0sNLkHQv+bL9fQi57lNNdquIbna/WrfROrolq8GK5Ek6BiMwqL/voRYQ==
  dependencies:
    is-glob "^4.0.1"

hash.js@^1.0.0, hash.js@^1.0.3:
  version "1.1.7"
  resolved "https://registry.yarnpkg.com/hash.js/-/hash.js-1.1.7.tgz#0babca538e8d4ee4a0f8988d68866537a003cf42"
  integrity sha512-taOaskGt4z4SOANNseOviYDvjEJinIkRgmp7LbKP2YTTmVxWBl87s/uzK9r+44BclBSp2X7K1hqeNfz9JbBeXA==
  dependencies:
    inherits "^2.0.3"
    minimalistic-assert "^1.0.1"

hmac-drbg@^1.0.0:
  version "1.0.1"
  resolved "https://registry.yarnpkg.com/hmac-drbg/-/hmac-drbg-1.0.1.tgz#d2745701025a6c775a6c545793ed502fc0c649a1"
  integrity sha1-0nRXAQJabHdabFRXk+1QL8DGSaE=
  dependencies:
    hash.js "^1.0.3"
    minimalistic-assert "^1.0.0"
    minimalistic-crypto-utils "^1.0.1"

i@^0.3.6:
  version "0.3.6"
  resolved "https://registry.yarnpkg.com/i/-/i-0.3.6.tgz#d96c92732076f072711b6b10fd7d4f65ad8ee23d"
  integrity sha1-2WyScyB28HJxG2sQ/X1PZa2O4j0=

inherits@^2.0.1, inherits@^2.0.3:
  version "2.0.4"
  resolved "https://registry.yarnpkg.com/inherits/-/inherits-2.0.4.tgz#0fa2c64f932917c3433a0ded55363aae37416b7c"
  integrity sha512-k/vGaX4/Yla3WzyMCvTQOXYeIHvqOKtnqBduzTHpzpQZzAskKMhZ2K+EnBiSM9zGSoIFeMpXKxa4dYeZIQqewQ==

install@^0.13.0:
  version "0.13.0"
  resolved "https://registry.yarnpkg.com/install/-/install-0.13.0.tgz#6af6e9da9dd0987de2ab420f78e60d9c17260776"
  integrity sha512-zDml/jzr2PKU9I8J/xyZBQn8rPCAY//UOYNmR01XwNwyfhEWObo2SWfSl1+0tm1u6PhxLwDnfsT/6jB7OUxqFA==

invariant@^2.2.4:
  version "2.2.4"
  resolved "https://registry.yarnpkg.com/invariant/-/invariant-2.2.4.tgz#610f3c92c9359ce1db616e538008d23ff35158e6"
  integrity sha512-phJfQVBuaJM5raOpJjSfkiD6BpbCE4Ns//LaXl6wGYtUBY83nWS6Rf9tXm2e8VaK60JEjYldbPif/A2B1C2gNA==
  dependencies:
    loose-envify "^1.0.0"

is-binary-path@~2.1.0:
  version "2.1.0"
  resolved "https://registry.yarnpkg.com/is-binary-path/-/is-binary-path-2.1.0.tgz#ea1f7f3b80f064236e83470f86c09c254fb45b09"
  integrity sha512-ZMERYes6pDydyuGidse7OsHxtbI7WVeUEozgR/g7rd0xUimYNlvZRE/K2MgZTjWy725IfelLeVcEM97mmtRGXw==
  dependencies:
    binary-extensions "^2.0.0"

is-extglob@^2.1.1:
  version "2.1.1"
  resolved "https://registry.yarnpkg.com/is-extglob/-/is-extglob-2.1.1.tgz#a88c02535791f02ed37c76a1b9ea9773c833f8c2"
  integrity sha1-qIwCU1eR8C7TfHahueqXc8gz+MI=

is-glob@^4.0.1, is-glob@~4.0.1:
  version "4.0.1"
  resolved "https://registry.yarnpkg.com/is-glob/-/is-glob-4.0.1.tgz#7567dbe9f2f5e2467bc77ab83c4a29482407a5dc"
  integrity sha512-5G0tKtBTFImOqDnLB2hG6Bp2qcKEFduo4tZu9MT/H6NQv/ghhy30o55ufafxJ/LdH79LLs2Kfrn85TLKyA7BUg==
  dependencies:
    is-extglob "^2.1.1"

is-number@^7.0.0:
  version "7.0.0"
  resolved "https://registry.yarnpkg.com/is-number/-/is-number-7.0.0.tgz#7535345b896734d5f80c4d06c50955527a14f12b"
  integrity sha512-41Cifkg6e8TylSpdtTpeLVMqvSBEVzTttHvERD741+pnZ8ANv0004MRL43QKPDlK9cGvNp6NZWZUBlbGXYxxng==

jquery@^3.5.1:
  version "3.5.1"
  resolved "https://registry.yarnpkg.com/jquery/-/jquery-3.5.1.tgz#d7b4d08e1bfdb86ad2f1a3d039ea17304717abb5"
  integrity sha512-XwIBPqcMn57FxfT+Go5pzySnm4KWkT1Tv7gjrpT1srtf8Weynl6R273VJ5GjkRb51IzMp5nbaPjJXMWeju2MKg==

"js-tokens@^3.0.0 || ^4.0.0":
  version "4.0.0"
  resolved "https://registry.yarnpkg.com/js-tokens/-/js-tokens-4.0.0.tgz#19203fb59991df98e3a287050d4647cdeaf32499"
  integrity sha512-RdJUflcE3cUzKiMqQgsCu06FPu9UdIJO0beYbPhHN4k6apgJtifcoCtT9bcxOpYBtpD2kCM6Sbzg4CausW/PKQ==

lodash-es@^4.17.15:
  version "4.17.15"
  resolved "https://registry.yarnpkg.com/lodash-es/-/lodash-es-4.17.15.tgz#21bd96839354412f23d7a10340e5eac6ee455d78"
  integrity sha512-rlrc3yU3+JNOpZ9zj5pQtxnx2THmvRykwL4Xlxoa8I9lHBlVbbyPhgyPMioxVZ4NqyxaVVtaJnzsyOidQIhyyQ==

lodash@^4.17.15:
  version "4.17.19"
  resolved "https://registry.yarnpkg.com/lodash/-/lodash-4.17.19.tgz#e48ddedbe30b3321783c5b4301fbd353bc1e4a4b"
  integrity sha512-JNvd8XER9GQX0v2qJgsaN/mzFCNA5BRe/j8JN9d+tWyGLSodKQHKFicdwNYzWwI3wjRnaKPsGj1XkBjx/F96DQ==

loose-envify@^1.0.0, loose-envify@^1.1.0, loose-envify@^1.4.0:
  version "1.4.0"
  resolved "https://registry.yarnpkg.com/loose-envify/-/loose-envify-1.4.0.tgz#71ee51fa7be4caec1a63839f7e682d8132d30caf"
  integrity sha512-lyuxPGr/Wfhrlem2CL/UcnUc1zcqKAImBDzukY7Y5F/yQiNdko6+fRLevlw1HgMySw7f611UIY408EtxRSoK3Q==
  dependencies:
    js-tokens "^3.0.0 || ^4.0.0"

minimalistic-assert@^1.0.0, minimalistic-assert@^1.0.1:
  version "1.0.1"
  resolved "https://registry.yarnpkg.com/minimalistic-assert/-/minimalistic-assert-1.0.1.tgz#2e194de044626d4a10e7f7fbc00ce73e83e4d5c7"
  integrity sha512-UtJcAD4yEaGtjPezWuO9wC4nwUnVH/8/Im3yEHQP4b67cXlD/Qr9hdITCU1xDbSEXg2XKNaP8jsReV7vQd00/A==

minimalistic-crypto-utils@^1.0.0, minimalistic-crypto-utils@^1.0.1:
  version "1.0.1"
  resolved "https://registry.yarnpkg.com/minimalistic-crypto-utils/-/minimalistic-crypto-utils-1.0.1.tgz#f6c00c1c0b082246e5c4d99dfb8c7c083b2b582a"
  integrity sha1-9sAMHAsIIkblxNmd+4x8CDsrWCo=

nanoid@^3.3.4:
  version "3.3.4"
  resolved "https://registry.yarnpkg.com/nanoid/-/nanoid-3.3.4.tgz#730b67e3cd09e2deacf03c027c81c9d9dbc5e8ab"
  integrity sha512-MqBkQh/OHTS2egovRtLk45wEyNXwF+cokD+1YPf9u5VfJiRdAiRwB2froX5Co9Rh20xs4siNPm8naNotSD6RBw==

next-seo@^4.7.3:
  version "4.7.3"
  resolved "https://registry.yarnpkg.com/next-seo/-/next-seo-4.7.3.tgz#8da82dca4f425c84392c4a8462f215dfcb4195b0"
  integrity sha512-hEl6fVbYU6h0EqGTqsVM3aEbn+ejlV7JjjIRLzT8at5TDxXQWs1Ypd0UA9oalHfVo7rDbWawD9rrvMe+PWl4kw==

next-simple-google-analytics@^1.1.0:
  version "1.1.0"
  resolved "https://registry.yarnpkg.com/next-simple-google-analytics/-/next-simple-google-analytics-1.1.0.tgz#3660f7f1badb92dcce7f1f5dc703a6daaf36e88c"
  integrity sha512-/d4+17R7M4ZXZzTP3f/GcJZkwC7XDroNZcIWgzUq8culp9PT3M2RirQhgcqGo6mmA+h6cop0Y74shZw8XtPwEQ==

next@13.0.2:
  version "13.0.2"
  resolved "https://registry.yarnpkg.com/next/-/next-13.0.2.tgz#b8c8642c70f736ed91105645391d335fc51c8f62"
  integrity sha512-uQ5z5e4D9mOe8+upy6bQdYYjo/kk1v3jMW87kTy2TgAyAsEO+CkwRnMgyZ4JoHEnhPZLHwh7dk0XymRNLe1gFw==
  dependencies:
    "@next/env" "13.0.2"
    "@swc/helpers" "0.4.11"
    caniuse-lite "^1.0.30001406"
    postcss "8.4.14"
    styled-jsx "5.1.0"
    use-sync-external-store "1.2.0"
  optionalDependencies:
    "@next/swc-android-arm-eabi" "13.0.2"
    "@next/swc-android-arm64" "13.0.2"
    "@next/swc-darwin-arm64" "13.0.2"
    "@next/swc-darwin-x64" "13.0.2"
    "@next/swc-freebsd-x64" "13.0.2"
    "@next/swc-linux-arm-gnueabihf" "13.0.2"
    "@next/swc-linux-arm64-gnu" "13.0.2"
    "@next/swc-linux-arm64-musl" "13.0.2"
    "@next/swc-linux-x64-gnu" "13.0.2"
    "@next/swc-linux-x64-musl" "13.0.2"
    "@next/swc-win32-arm64-msvc" "13.0.2"
    "@next/swc-win32-ia32-msvc" "13.0.2"
    "@next/swc-win32-x64-msvc" "13.0.2"

normalize-path@^3.0.0, normalize-path@~3.0.0:
  version "3.0.0"
  resolved "https://registry.yarnpkg.com/normalize-path/-/normalize-path-3.0.0.tgz#0dcd69ff23a1c9b11fd0978316644a0388216a65"
  integrity sha512-6eZs5Ls3WtCisHWp9S2GUy8dqkpGi4BVSz3GaqiE6ezub0512ESztXUwUB6C6IKbQkY2Pnb/mD4WYojCRwcwLA==

object-assign@^4.1.1:
  version "4.1.1"
  resolved "https://registry.yarnpkg.com/object-assign/-/object-assign-4.1.1.tgz#2109adc7965887cfc05cbbd442cac8bfbb360863"
  integrity sha1-IQmtx5ZYh8/AXLvUQsrIv7s2CGM=

picocolors@^1.0.0:
  version "1.0.0"
  resolved "https://registry.yarnpkg.com/picocolors/-/picocolors-1.0.0.tgz#cb5bdc74ff3f51892236eaf79d68bc44564ab81c"
  integrity sha512-1fygroTLlHu66zi26VoTDv8yRgm0Fccecssto+MhsZ0D/DGW2sm8E8AjW7NU5VVTRt5GxbeZ5qBuJr+HyLYkjQ==

picomatch@^2.0.4, picomatch@^2.2.1:
  version "2.2.2"
  resolved "https://registry.yarnpkg.com/picomatch/-/picomatch-2.2.2.tgz#21f333e9b6b8eaff02468f5146ea406d345f4dad"
  integrity sha512-q0M/9eZHzmr0AulXyPwNfZjtwZ/RBZlbN3K3CErVrk50T2ASYI7Bye0EvekFY3IP1Nt2DHu0re+V2ZHIpMkuWg==

popper.js@^1.16.1:
  version "1.16.1"
  resolved "https://registry.yarnpkg.com/popper.js/-/popper.js-1.16.1.tgz#2a223cb3dc7b6213d740e40372be40de43e65b1b"
  integrity sha512-Wb4p1J4zyFTbM+u6WuO4XstYx4Ky9Cewe4DWrel7B0w6VVICvPwdOpotjzcf6eD8TsckVnIMNONQyPIUFOUbCQ==

postcss@8.4.14:
  version "8.4.14"
  resolved "https://registry.yarnpkg.com/postcss/-/postcss-8.4.14.tgz#ee9274d5622b4858c1007a74d76e42e56fd21caf"
  integrity sha512-E398TUmfAYFPBSdzgeieK2Y1+1cpdxJx8yXbK/m57nRhKSmk1GB2tO4lbLBtlkfPQTDKfe4Xqv1ASWPpayPEig==
  dependencies:
    nanoid "^3.3.4"
    picocolors "^1.0.0"
    source-map-js "^1.0.2"

prop-types-extra@^1.1.0:
  version "1.1.1"
  resolved "https://registry.yarnpkg.com/prop-types-extra/-/prop-types-extra-1.1.1.tgz#58c3b74cbfbb95d304625975aa2f0848329a010b"
  integrity sha512-59+AHNnHYCdiC+vMwY52WmvP5dM3QLeoumYuEyceQDi9aEhtwN9zIQ2ZNo25sMyXnbh32h+P1ezDsUpUH3JAew==
  dependencies:
    react-is "^16.3.2"
    warning "^4.0.0"

prop-types@^15.6.2, prop-types@^15.7.2:
  version "15.7.2"
  resolved "https://registry.yarnpkg.com/prop-types/-/prop-types-15.7.2.tgz#52c41e75b8c87e72b9d9360e0206b99dcbffa6c5"
  integrity sha512-8QQikdH7//R2vurIJSutZ1smHYTcLpRWEOlHnzcWHmBYrOGUysKwSsrC89BCiFj3CbrfJ/nXFdJepOVrY1GCHQ==
  dependencies:
    loose-envify "^1.4.0"
    object-assign "^4.1.1"
    react-is "^16.8.1"

react-bootstrap@^1.3.0:
  version "1.3.0"
  resolved "https://registry.yarnpkg.com/react-bootstrap/-/react-bootstrap-1.3.0.tgz#d9dde4ad554e9cd21d1465e8b5e5ef6679cae6a1"
  integrity sha512-GYj0c6FO9mx7DaO8Xyz2zs0IcQ6CGCtM3O6/feIoCaG4N8B0+l4eqL7stlMcLpqO4d8NG2PoMO/AbUOD+MO7mg==
  dependencies:
    "@babel/runtime" "^7.4.2"
    "@restart/context" "^2.1.4"
    "@restart/hooks" "^0.3.21"
    "@types/classnames" "^2.2.10"
    "@types/invariant" "^2.2.33"
    "@types/prop-types" "^15.7.3"
    "@types/react" "^16.9.35"
    "@types/react-transition-group" "^4.4.0"
    "@types/warning" "^3.0.0"
    classnames "^2.2.6"
    dom-helpers "^5.1.2"
    invariant "^2.2.4"
    prop-types "^15.7.2"
    prop-types-extra "^1.1.0"
    react-overlays "^4.1.0"
    react-transition-group "^4.4.1"
    uncontrollable "^7.0.0"
    warning "^4.0.3"

react-dom@16.13.1:
  version "16.13.1"
  resolved "https://registry.yarnpkg.com/react-dom/-/react-dom-16.13.1.tgz#c1bd37331a0486c078ee54c4740720993b2e0e7f"
  integrity sha512-81PIMmVLnCNLO/fFOQxdQkvEq/+Hfpv24XNJfpyZhTRfO0QcmQIF/PgCa1zCOj2w1hrn12MFLyaJ/G0+Mxtfag==
  dependencies:
    loose-envify "^1.1.0"
    object-assign "^4.1.1"
    prop-types "^15.6.2"
    scheduler "^0.19.1"

react-is@^16.3.2, react-is@^16.8.1:
  version "16.13.1"
  resolved "https://registry.yarnpkg.com/react-is/-/react-is-16.13.1.tgz#789729a4dc36de2999dc156dd6c1d9c18cea56a4"
  integrity sha512-24e6ynE2H+OKt4kqsOvNd8kBpV65zoxbA4BVsEOB3ARVWQki/DHzaUoC5KuON/BiccDaCCTZBuOcfZs70kR8bQ==

react-lifecycles-compat@^3.0.4:
  version "3.0.4"
  resolved "https://registry.yarnpkg.com/react-lifecycles-compat/-/react-lifecycles-compat-3.0.4.tgz#4f1a273afdfc8f3488a8c516bfda78f872352362"
  integrity sha512-fBASbA6LnOU9dOU2eW7aQ8xmYBSXUIWr+UmF9b1efZBazGNO+rcXT/icdKnYm2pTwcRylVUYwW7H1PHfLekVzA==

react-overlays@^4.1.0:
  version "4.1.0"
  resolved "https://registry.yarnpkg.com/react-overlays/-/react-overlays-4.1.0.tgz#755a890519b02e3904845172d5223ff2dfb1bb29"
  integrity sha512-vdRpnKe0ckWOOD9uWdqykLUPHLPndIiUV7XfEKsi5008xiyHCfL8bxsx4LbMrfnxW1LzRthLyfy50XYRFNQqqw==
  dependencies:
    "@babel/runtime" "^7.4.5"
    "@popperjs/core" "^2.0.0"
    "@restart/hooks" "^0.3.12"
    "@types/warning" "^3.0.0"
    dom-helpers "^5.1.0"
    prop-types "^15.7.2"
    uncontrollable "^7.0.0"
    warning "^4.0.3"

react-transition-group@^4.4.1:
  version "4.4.1"
  resolved "https://registry.yarnpkg.com/react-transition-group/-/react-transition-group-4.4.1.tgz#63868f9325a38ea5ee9535d828327f85773345c9"
  integrity sha512-Djqr7OQ2aPUiYurhPalTrVy9ddmFCCzwhqQmtN+J3+3DzLO209Fdr70QrN8Z3DsglWql6iY1lDWAfpFiBtuKGw==
  dependencies:
    "@babel/runtime" "^7.5.5"
    dom-helpers "^5.0.1"
    loose-envify "^1.4.0"
    prop-types "^15.6.2"

react@16.13.1:
  version "16.13.1"
  resolved "https://registry.yarnpkg.com/react/-/react-16.13.1.tgz#2e818822f1a9743122c063d6410d85c1e3afe48e"
  integrity sha512-YMZQQq32xHLX0bz5Mnibv1/LHb3Sqzngu7xstSM+vrkE5Kzr9xE0yMByK5kMoTK30YVJE61WfbxIFFvfeDKT1w==
  dependencies:
    loose-envify "^1.1.0"
    object-assign "^4.1.1"
    prop-types "^15.6.2"

readdirp@~3.4.0:
  version "3.4.0"
  resolved "https://registry.yarnpkg.com/readdirp/-/readdirp-3.4.0.tgz#9fdccdf9e9155805449221ac645e8303ab5b9ada"
  integrity sha512-0xe001vZBnJEK+uKcj8qOhyAKPzIT+gStxWr3LCB0DwcXR5NZJ3IaC+yGnHCYzB/S7ov3m3EEbZI2zeNvX+hGQ==
  dependencies:
    picomatch "^2.2.1"

regenerator-runtime@^0.13.4:
  version "0.13.5"
  resolved "https://registry.yarnpkg.com/regenerator-runtime/-/regenerator-runtime-0.13.5.tgz#d878a1d094b4306d10b9096484b33ebd55e26697"
  integrity sha512-ZS5w8CpKFinUzOwW3c83oPeVXoNsrLsaCoLtJvAClH135j/R77RuymhiSErhm2lKcwSCIpmvIWSbDkIfAqKQlA==

sass@^1.26.10:
  version "1.26.10"
  resolved "https://registry.yarnpkg.com/sass/-/sass-1.26.10.tgz#851d126021cdc93decbf201d1eca2a20ee434760"
  integrity sha512-bzN0uvmzfsTvjz0qwccN1sPm2HxxpNI/Xa+7PlUEMS+nQvbyuEK7Y0qFqxlPHhiNHb1Ze8WQJtU31olMObkAMw==
  dependencies:
    chokidar ">=2.0.0 <4.0.0"

scheduler@^0.19.1:
  version "0.19.1"
  resolved "https://registry.yarnpkg.com/scheduler/-/scheduler-0.19.1.tgz#4f3e2ed2c1a7d65681f4c854fa8c5a1ccb40f196"
  integrity sha512-n/zwRWRYSUj0/3g/otKDRPMh6qv2SYMWNq85IEa8iZyAv8od9zDYpGSnpBEjNgcMNq6Scbu5KfIPxNF72R/2EA==
  dependencies:
    loose-envify "^1.1.0"
    object-assign "^4.1.1"

source-map-js@^1.0.2:
  version "1.0.2"
  resolved "https://registry.yarnpkg.com/source-map-js/-/source-map-js-1.0.2.tgz#adbc361d9c62df380125e7f161f71c826f1e490c"
  integrity sha512-R0XvVJ9WusLiqTCEiGCmICCMplcCkIwwR11mOSD9CR5u+IXYdiseeEuXCVAjS54zqwkLcPNnmU4OeJ6tUrWhDw==

styled-jsx@5.1.0:
  version "5.1.0"
  resolved "https://registry.yarnpkg.com/styled-jsx/-/styled-jsx-5.1.0.tgz#4a5622ab9714bd3fcfaeec292aa555871f057563"
  integrity sha512-/iHaRJt9U7T+5tp6TRelLnqBqiaIT0HsO0+vgyj8hK2KUk7aejFqRrumqPUlAqDwAj8IbS/1hk3IhBAAK/FCUQ==
  dependencies:
    client-only "0.0.1"

to-regex-range@^5.0.1:
  version "5.0.1"
  resolved "https://registry.yarnpkg.com/to-regex-range/-/to-regex-range-5.0.1.tgz#1648c44aae7c8d988a326018ed72f5b4dd0392e4"
  integrity sha512-65P7iz6X5yEr1cwcgvQxbbIw7Uk3gOy5dIdtZ4rDveLqhrdJP+Li/Hx6tyK0NEb+2GCyneCMJiGqrADCSNk8sQ==
  dependencies:
    is-number "^7.0.0"

tslib@^2.4.0:
  version "2.4.1"
  resolved "https://registry.yarnpkg.com/tslib/-/tslib-2.4.1.tgz#0d0bfbaac2880b91e22df0768e55be9753a5b17e"
  integrity sha512-tGyy4dAjRIEwI7BzsB0lynWgOpfqjUdq91XXAlIWD2OwKBH7oCl/GZG/HT4BOHrTlPMOASlMQ7veyTqpmRcrNA==

uncontrollable@^7.0.0:
  version "7.1.1"
  resolved "https://registry.yarnpkg.com/uncontrollable/-/uncontrollable-7.1.1.tgz#f67fed3ef93637126571809746323a9db815d556"
  integrity sha512-EcPYhot3uWTS3w00R32R2+vS8Vr53tttrvMj/yA1uYRhf8hbTG2GyugGqWDY0qIskxn0uTTojVd6wPYW9ZEf8Q==
  dependencies:
    "@babel/runtime" "^7.6.3"
    "@types/react" "^16.9.11"
    invariant "^2.2.4"
    react-lifecycles-compat "^3.0.4"

use-sync-external-store@1.2.0:
  version "1.2.0"
  resolved "https://registry.yarnpkg.com/use-sync-external-store/-/use-sync-external-store-1.2.0.tgz#7dbefd6ef3fe4e767a0cf5d7287aacfb5846928a"
  integrity sha512-eEgnFxGQ1Ife9bzYs6VLi8/4X6CObHMw9Qr9tPY43iKwsPw8xE8+EFsf/2cFZ5S3esXgpWgtSCtLNS41F+sKPA==

warning@^4.0.0, warning@^4.0.3:
  version "4.0.3"
  resolved "https://registry.yarnpkg.com/warning/-/warning-4.0.3.tgz#16e9e077eb8a86d6af7d64aa1e05fd85b4678ca3"
  integrity sha512-rpJyN222KWIvHJ/F53XSZv0Zl/accqHR8et1kpaMTD/fLCRxtV8iX8czMzY7sVZupTI3zcUTg8eycS2kNF9l6w==
  dependencies:
    loose-envify "^1.0.0"
